// !$*UTF8*$!
{
	archiveVersion = 1;
	classes = {
	};
	objectVersion = 48;
	objects = {

/* Begin PBXBuildFile section */
		4F1B4CF9221A832800A702A4 /* AppDelegate.swift in Sources */ = {isa = PBXBuildFile; fileRef = 4F1B4CF8221A832800A702A4 /* AppDelegate.swift */; };
		4F1B4CFB221A832800A702A4 /* ViewController.swift in Sources */ = {isa = PBXBuildFile; fileRef = 4F1B4CFA221A832800A702A4 /* ViewController.swift */; };
		4F1B4CFE221A832800A702A4 /* Main.storyboard in Resources */ = {isa = PBXBuildFile; fileRef = 4F1B4CFC221A832800A702A4 /* Main.storyboard */; };
		4F1B4D01221A832800A702A4 /* coredataExample.xcdatamodeld in Sources */ = {isa = PBXBuildFile; fileRef = 4F1B4CFF221A832800A702A4 /* coredataExample.xcdatamodeld */; };
		4F1B4D03221A832800A702A4 /* Assets.xcassets in Resources */ = {isa = PBXBuildFile; fileRef = 4F1B4D02221A832800A702A4 /* Assets.xcassets */; };
		4F1B4D06221A832800A702A4 /* LaunchScreen.storyboard in Resources */ = {isa = PBXBuildFile; fileRef = 4F1B4D04221A832800A702A4 /* LaunchScreen.storyboard */; };
/* End PBXBuildFile section */

/* Begin PBXFileReference section */
		4F1B4CF5221A832800A702A4 /* coredataExample.app */ = {isa = PBXFileReference; explicitFileType = wrapper.application; includeInIndex = 0; path = coredataExample.app; sourceTree = BUILT_PRODUCTS_DIR; };
		4F1B4CF8221A832800A702A4 /* AppDelegate.swift */ = {isa = PBXFileReference; lastKnownFileType = sourcecode.swift; path = AppDelegate.swift; sourceTree = "<group>"; };
		4F1B4CFA221A832800A702A4 /* ViewController.swift */ = {isa = PBXFileReference; lastKnownFileType = sourcecode.swift; path = ViewController.swift; sourceTree = "<group>"; };
		4F1B4CFD221A832800A702A4 /* Base */ = {isa = PBXFileReference; lastKnownFileType = file.storyboard; name = Base; path = Base.lproj/Main.storyboard; sourceTree = "<group>"; };
		4F1B4D00221A832800A702A4 /* coredataExample.xcdatamodel */ = {isa = PBXFileReference; lastKnownFileType = wrapper.xcdatamodel; path = coredataExample.xcdatamodel; sourceTree = "<group>"; };
		4F1B4D02221A832800A702A4 /* Assets.xcassets */ = {isa = PBXFileReference; lastKnownFileType = folder.assetcatalog; path = Assets.xcassets; sourceTree = "<group>"; };
		4F1B4D05221A832800A702A4 /* Base */ = {isa = PBXFileReference; lastKnownFileType = file.storyboard; name = Base; path = Base.lproj/LaunchScreen.storyboard; sourceTree = "<group>"; };
		4F1B4D07221A832800A702A4 /* Info.plist */ = {isa = PBXFileReference; lastKnownFileType = text.plist.xml; path = Info.plist; sourceTree = "<group>"; };
/* End PBXFileReference section */

/* Begin PBXFrameworksBuildPhase section */
		4F1B4CF2221A832800A702A4 /* Frameworks */ = {
			isa = PBXFrameworksBuildPhase;
			buildActionMask = 2147483647;
			files = (
			);
			runOnlyForDeploymentPostprocessing = 0;
		};
/* End PBXFrameworksBuildPhase section */

/* Begin PBXGroup section */
		4F1B4CEC221A832800A702A4 = {
			isa = PBXGroup;
			children = (
				4F1B4CF7221A832800A702A4 /* coredataExample */,
				4F1B4CF6221A832800A702A4 /* Products */,
			);
			sourceTree = "<group>";
		};
		4F1B4CF6221A832800A702A4 /* Products */ = {
			isa = PBXGroup;
			children = (
				4F1B4CF5221A832800A702A4 /* coredataExample.app */,
			);
			name = Products;
			sourceTree = "<group>";
		};
		4F1B4CF7221A832800A702A4 /* coredataExample */ = {
			isa = PBXGroup;
			children = (
				4F1B4CF8221A832800A702A4 /* AppDelegate.swift */,
				4F1B4CFA221A832800A702A4 /* ViewController.swift */,
				4F1B4CFC221A832800A702A4 /* Main.storyboard */,
				4F1B4D02221A832800A702A4 /* Assets.xcassets */,
				4F1B4D04221A832800A702A4 /* LaunchScreen.storyboard */,
				4F1B4D07221A832800A702A4 /* Info.plist */,
				4F1B4CFF221A832800A702A4 /* coredataExample.xcdatamodeld */,
			);
			path = coredataExample;
			sourceTree = "<group>";
		};
/* End PBXGroup section */

/* Begin PBXNativeTarget section */
		4F1B4CF4221A832800A702A4 /* coredataExample */ = {
			isa = PBXNativeTarget;
			buildConfigurationList = 4F1B4D0A221A832800A702A4 /* Build configuration list for PBXNativeTarget "coredataExample" */;
			buildPhases = (
				4F1B4CF1221A832800A702A4 /* Sources */,
				4F1B4CF2221A832800A702A4 /* Frameworks */,
				4F1B4CF3221A832800A702A4 /* Resources */,
			);
			buildRules = (
			);
			dependencies = (
			);
			name = coredataExample;
			productName = coredataExample;
			productReference = 4F1B4CF5221A832800A702A4 /* coredataExample.app */;
			productType = "com.apple.product-type.application";
		};
/* End PBXNativeTarget section */

/* Begin PBXProject section */
		4F1B4CED221A832800A702A4 /* Project object */ = {
			isa = PBXProject;
			attributes = {
				LastSwiftUpdateCheck = 0920;
				LastUpgradeCheck = 0920;
				ORGANIZATIONNAME = bhadresh;
				TargetAttributes = {
					4F1B4CF4221A832800A702A4 = {
						CreatedOnToolsVersion = 9.2;
						ProvisioningStyle = Automatic;
					};
				};
			};
			buildConfigurationList = 4F1B4CF0221A832800A702A4 /* Build configuration list for PBXProject "coredataExample" */;
			compatibilityVersion = "Xcode 8.0";
			developmentRegion = en;
			hasScannedForEncodings = 0;
			knownRegions = (
				en,
				Base,
			);
			mainGroup = 4F1B4CEC221A832800A702A4;
			productRefGroup = 4F1B4CF6221A832800A702A4 /* Products */;
			projectDirPath = "";
			projectRoot = "";
			targets = (
				4F1B4CF4221A832800A702A4 /* coredataExample */,
			);
		};
/* End PBXProject section */

/* Begin PBXResourcesBuildPhase section */
		4F1B4CF3221A832800A702A4 /* Resources */ = {
			isa = PBXResourcesBuildPhase;
			buildActionMask = 2147483647;
			files = (
				4F1B4D06221A832800A702A4 /* LaunchScreen.storyboard in Resources */,
				4F1B4D03221A832800A702A4 /* Assets.xcassets in Resources */,
				4F1B4CFE221A832800A702A4 /* Main.storyboard in Resources */,
			);
			runOnlyForDeploymentPostprocessing = 0;
		};
/* End PBXResourcesBuildPhase section */

/* Begin PBXSourcesBuildPhase section */
		4F1B4CF1221A832800A702A4 /* Sources */ = {
			isa = PBXSourcesBuildPhase;
			buildActionMask = 2147483647;
			files = (
				4F1B4D01221A832800A702A4 /* coredataExample.xcdatamodeld in Sources */,
				4F1B4CFB221A832800A702A4 /* ViewController.swift in Sources */,
				4F1B4CF9221A832800A702A4 /* AppDelegate.swift in Sources */,
			);
			runOnlyForDeploymentPostprocessing = 0;
		};
/* End PBXSourcesBuildPhase section */

/* Begin PBXVariantGroup section */
		4F1B4CFC221A832800A702A4 /* Main.storyboard */ = {
			isa = PBXVariantGroup;
			children = (
				4F1B4CFD221A832800A702A4 /* Base */,
			);
			name = Main.storyboard;
			sourceTree = "<group>";
		};
		4F1B4D04221A832800A702A4 /* LaunchScreen.storyboard */ = {
			isa = PBXVariantGroup;
			children = (
				4F1B4D05221A832800A702A4 /* Base */,
			);
			name = LaunchScreen.storyboard;
			sourceTree = "<group>";
		};
/* End PBXVariantGroup section */

/* Begin XCBuildConfiguration section */
		4F1B4D08221A832800A702A4 /* Debug */ = {
			isa = XCBuildConfiguration;
			buildSettings = {
				ALWAYS_SEARCH_USER_PATHS = NO;
				CLANG_ANALYZER_NONNULL = YES;
				CLANG_ANALYZER_NUMBER_OBJECT_CONVERSION = YES_AGGRESSIVE;
				CLANG_CXX_LANGUAGE_STANDARD = "gnu++14";
				CLANG_CXX_LIBRARY = "libc++";
				CLANG_ENABLE_MODULES = YES;
				CLANG_ENABLE_OBJC_ARC = YES;
				CLANG_WARN_BLOCK_CAPTURE_AUTORELEASING = YES;
				CLANG_WARN_BOOL_CONVERSION = YES;
				CLANG_WARN_COMMA = YES;
				CLANG_WARN_CONSTANT_CONVERSION = YES;
				CLANG_WARN_DIRECT_OBJC_ISA_USAGE = YES_ERROR;
				CLANG_WARN_DOCUMENTATION_COMMENTS = YES;
				CLANG_WARN_EMPTY_BODY = YES;
				CLANG_WARN_ENUM_CONVERSION = YES;
				CLANG_WARN_INFINITE_RECURSION = YES;
				CLANG_WARN_INT_CONVERSION = YES;
				CLANG_WARN_NON_LITERAL_NULL_CONVERSION = YES;
				CLANG_WARN_OBJC_LITERAL_CONVERSION = YES;
				CLANG_WARN_OBJC_ROOT_CLASS = YES_ERROR;
				CLANG_WARN_RANGE_LOOP_ANALYSIS = YES;
				CLANG_WARN_STRICT_PROTOTYPES = YES;
				CLANG_WARN_SUSPICIOUS_MOVE = YES;
				CLANG_WARN_UNGUARDED_AVAILABILITY = YES_AGGRESSIVE;
				CLANG_WARN_UNREACHABLE_CODE = YES;
				CLANG_WARN__DUPLICATE_METHOD_MATCH = YES;
				CODE_SIGN_IDENTITY = "iPhone Developer";
				COPY_PHASE_STRIP = NO;
				DEBUG_INFORMATION_FORMAT = dwarf;
				ENABLE_STRICT_OBJC_MSGSEND = YES;
				ENABLE_TESTABILITY = YES;
				GCC_C_LANGUAGE_STANDARD = gnu11;
				GCC_DYNAMIC_NO_PIC = NO;
				GCC_NO_COMMON_BLOCKS = YES;
				GCC_OPTIMIZATION_LEVEL = 0;
				GCC_PREPROCESSOR_DEFINITIONS = (
					"DEBUG=1",
					"$(inherited)",
				);
				GCC_WARN_64_TO_32_BIT_CONVERSION = YES;
				GCC_WARN_ABOUT_RETURN_TYPE = YES_ERROR;
				GCC_WARN_UNDECLARED_SELECTOR = YES;
				GCC_WARN_UNINITIALIZED_AUTOS = YES_AGGRESSIVE;
				GCC_WARN_UNUSED_FUNCTION = YES;
				GCC_WARN_UNUSED_VARIABLE = YES;
				IPHONEOS_DEPLOYMENT_TARGET = 11.2;
				MTL_ENABLE_DEBUG_INFO = YES;
				ONLY_ACTIVE_ARCH = YES;
				SDKROOT = iphoneos;
				SWIFT_ACTIVE_COMPILATION_CONDITIONS = DEBUG;
				SWIFT_OPTIMIZATION_LEVEL = "-Onone";
			};
			name = Debug;
		};
		4F1B4D09221A832800A702A4 /* Release */ = {
			isa = XCBuildConfiguration;
			buildSettings = {
				ALWAYS_SEARCH_USER_PATHS = NO;
				CLANG_ANALYZER_NONNULL = YES;
				CLANG_ANALYZER_NUMBER_OBJECT_CONVERSION = YES_AGGRESSIVE;
				CLANG_CXX_LANGUAGE_STANDARD = "gnu++14";
				CLANG_CXX_LIBRARY = "libc++";
				CLANG_ENABLE_MODULES = YES;
				CLANG_ENABLE_OBJC_ARC = YES;
				CLANG_WARN_BLOCK_CAPTURE_AUTORELEASING = YES;
				CLANG_WARN_BOOL_CONVERSION = YES;
				CLANG_WARN_COMMA = YES;
				CLANG_WARN_CONSTANT_CONVERSION = YES;
				CLANG_WARN_DIRECT_OBJC_ISA_USAGE = YES_ERROR;
				CLANG_WARN_DOCUMENTATION_COMMENTS = YES;
				CLANG_WARN_EMPTY_BODY = YES;
				CLANG_WARN_ENUM_CONVERSION = YES;
				CLANG_WARN_INFINITE_RECURSION = YES;
				CLANG_WARN_INT_CONVERSION = YES;
				CLANG_WARN_NON_LITERAL_NULL_CONVERSION = YES;
				CLANG_WARN_OBJC_LITERAL_CONVERSION = YES;
				CLANG_WARN_OBJC_ROOT_CLASS = YES_ERROR;
				CLANG_WARN_RANGE_LOOP_ANALYSIS = YES;
				CLANG_WARN_STRICT_PROTOTYPES = YES;
				CLANG_WARN_SUSPICIOUS_MOVE = YES;
				CLANG_WARN_UNGUARDED_AVAILABILITY = YES_AGGRESSIVE;
				CLANG_WARN_UNREACHABLE_CODE = YES;
				CLANG_WARN__DUPLICATE_METHOD_MATCH = YES;
				CODE_SIGN_IDENTITY = "iPhone Developer";
				COPY_PHASE_STRIP = NO;
				DEBUG_INFORMATION_FORMAT = "dwarf-with-dsym";
				ENABLE_NS_ASSERTIONS = NO;
				ENABLE_STRICT_OBJC_MSGSEND = YES;
				GCC_C_LANGUAGE_STANDARD = gnu11;
				GCC_NO_COMMON_BLOCKS = YES;
				GCC_WARN_64_TO_32_BIT_CONVERSION = YES;
				GCC_WARN_ABOUT_RETURN_TYPE = YES_ERROR;
				GCC_WARN_UNDECLARED_SELECTOR = YES;
				GCC_WARN_UNINITIALIZED_AUTOS = YES_AGGRESSIVE;
				GCC_WARN_UNUSED_FUNCTION = YES;
				GCC_WARN_UNUSED_VARIABLE = YES;
				IPHONEOS_DEPLOYMENT_TARGET = 11.2;
				MTL_ENABLE_DEBUG_INFO = NO;
				SDKROOT = iphoneos;
				SWIFT_OPTIMIZATION_LEVEL = "-Owholemodule";
				VALIDATE_PRODUCT = YES;
			};
			name = Release;
		};
		4F1B4D0B221A832800A702A4 /* Debug */ = {
			isa = XCBuildConfiguration;
			buildSettings = {
				ASSETCATALOG_COMPILER_APPICON_NAME = AppIcon;
				CODE_SIGN_STYLE = Automatic;
				INFOPLIST_FILE = coredataExample/Info.plist;
				LD_RUNPATH_SEARCH_PATHS = "$(inherited) @executable_path/Frameworks";
				PRODUCT_BUNDLE_IDENTIFIER = bhadresh.coredataExample;
				PRODUCT_NAME = "$(TARGET_NAME)";
				SWIFT_VERSION = 4.0;
				TARGETED_DEVICE_FAMILY = "1,2";
			};
			name = Debug;
		};
		4F1B4D0C221A832800A702A4 /* Release */ = {
			isa = XCBuildConfiguration;
			buildSettings = {
				ASSETCATALOG_COMPILER_APPICON_NAME = AppIcon;
				CODE_SIGN_STYLE = Automatic;
				INFOPLIST_FILE = coredataExample/Info.plist;
				LD_RUNPATH_SEARCH_PATHS = "$(inherited) @executable_path/Frameworks";
				PRODUCT_BUNDLE_IDENTIFIER = bhadresh.coredataExample;
				PRODUCT_NAME = "$(TARGET_NAME)";
				SWIFT_VERSION = 4.0;
				TARGETED_DEVICE_FAMILY = "1,2";
			};
			name = Release;
		};
/* End XCBuildConfiguration section */

/* Begin XCConfigurationList section */
		4F1B4CF0221A832800A702A4 /* Build configuration list for PBXProject "coredataExample" */ = {
			isa = XCConfigurationList;
			buildConfigurations = (
				4F1B4D08221A832800A702A4 /* Debug */,
				4F1B4D09221A832800A702A4 /* Release */,
			);
			defaultConfigurationIsVisible = 0;
			defaultConfigurationName = Release;
		};
		4F1B4D0A221A832800A702A4 /* Build configuration list for PBXNativeTarget "coredataExample" */ = {
			isa = XCConfigurationList;
			buildConfigurations = (
				4F1B4D0B221A832800A702A4 /* Debug */,
				4F1B4D0C221A832800A702A4 /* Release */,
			);
			defaultConfigurationIsVisible = 0;
			defaultConfigurationName = Release;
		};
/* End XCConfigurationList section */

/* Begin XCVersionGroup section */
		4F1B4CFF221A832800A702A4 /* coredataExample.xcdatamodeld */ = {
			isa = XCVersionGroup;
			children = (
				4F1B4D00221A832800A702A4 /* coredataExample.xcdatamodel */,
			);
			currentVersion = 4F1B4D00221A832800A702A4 /* coredataExample.xcdatamodel */;
			path = coredataExample.xcdatamodeld;
			sourceTree = "<group>";
			versionGroupType = wrapper.xcdatamodel;
		};
/* End XCVersionGroup section */
	};
	rootObject = 4F1B4CED221A832800A702A4 /* Project object */;
}
